// !$*UTF8*$!
{
	archiveVersion = 1;
	classes = {
	};
	objectVersion = 54;
	objects = {

/* Begin PBXBuildFile section */
		058557BB273AAA24004C7B11 /* Assets.xcassets in Resources */ = {isa = PBXBuildFile; fileRef = 058557BA273AAA24004C7B11 /* Assets.xcassets */; };
		058557D9273AAEEB004C7B11 /* Preview Assets.xcassets in Resources */ = {isa = PBXBuildFile; fileRef = 058557D8273AAEEB004C7B11 /* Preview Assets.xcassets */; };
		2152FB042600AC8F00CF470E /* iOSApp.swift in Sources */ = {isa = PBXBuildFile; fileRef = 2152FB032600AC8F00CF470E /* iOSApp.swift */; };
		460054A12ABB0D0100586767 /* SettingsButton.swift in Sources */ = {isa = PBXBuildFile; fileRef = 460054A02ABB0D0100586767 /* SettingsButton.swift */; };
		460054A32ABB101600586767 /* SubscriptionBox.swift in Sources */ = {isa = PBXBuildFile; fileRef = 460054A22ABB101600586767 /* SubscriptionBox.swift */; };
		460054A52ABB17BD00586767 /* SectionTitle.swift in Sources */ = {isa = PBXBuildFile; fileRef = 460054A42ABB17BD00586767 /* SectionTitle.swift */; };
		460054A72ABB17FF00586767 /* PrimaryBox.swift in Sources */ = {isa = PBXBuildFile; fileRef = 460054A62ABB17FF00586767 /* PrimaryBox.swift */; };
		460054A92ABB18A800586767 /* AppSettings.swift in Sources */ = {isa = PBXBuildFile; fileRef = 460054A82ABB18A800586767 /* AppSettings.swift */; };
		460054AB2ABB18FC00586767 /* MenuItem.swift in Sources */ = {isa = PBXBuildFile; fileRef = 460054AA2ABB18FC00586767 /* MenuItem.swift */; };
		460054AD2ABB1B5E00586767 /* HelpAndSupport.swift in Sources */ = {isa = PBXBuildFile; fileRef = 460054AC2ABB1B5E00586767 /* HelpAndSupport.swift */; };
		460054B22ABB56F900586767 /* WisdomScreen.swift in Sources */ = {isa = PBXBuildFile; fileRef = 460054B12ABB56F900586767 /* WisdomScreen.swift */; };
		460054B42ABB56FF00586767 /* WisdomRoute.swift in Sources */ = {isa = PBXBuildFile; fileRef = 460054B32ABB56FF00586767 /* WisdomRoute.swift */; };
		460054B72ABB576B00586767 /* WisdomItem.swift in Sources */ = {isa = PBXBuildFile; fileRef = 460054B62ABB576B00586767 /* WisdomItem.swift */; };
		46059D222AC4037000DC5015 /* AreasView.swift in Sources */ = {isa = PBXBuildFile; fileRef = 46059D212AC4037000DC5015 /* AreasView.swift */; };
		46059D242AC4037500DC5015 /* NotesView.swift in Sources */ = {isa = PBXBuildFile; fileRef = 46059D232AC4037500DC5015 /* NotesView.swift */; };
		46059D262AC4037E00DC5015 /* TasksView.swift in Sources */ = {isa = PBXBuildFile; fileRef = 46059D252AC4037E00DC5015 /* TasksView.swift */; };
		46059D292AC405BA00DC5015 /* AreaItem.swift in Sources */ = {isa = PBXBuildFile; fileRef = 46059D282AC405BA00DC5015 /* AreaItem.swift */; };
		46059D2B2AC409A900DC5015 /* AddAreaButton.swift in Sources */ = {isa = PBXBuildFile; fileRef = 46059D2A2AC409A900DC5015 /* AddAreaButton.swift */; };
		46059D2D2AC41DB500DC5015 /* ExpandableButtonPanel.swift in Sources */ = {isa = PBXBuildFile; fileRef = 46059D2C2AC41DB500DC5015 /* ExpandableButtonPanel.swift */; };
		461D21EC2AA8EC71007E84CE /* DetailRoute.swift in Sources */ = {isa = PBXBuildFile; fileRef = 461D21EB2AA8EC71007E84CE /* DetailRoute.swift */; };
		461D21EE2AA8EF1A007E84CE /* LifecycleAwareObservableObject.swift in Sources */ = {isa = PBXBuildFile; fileRef = 461D21ED2AA8EF1A007E84CE /* LifecycleAwareObservableObject.swift */; };
		461F7C612AA878EB003791CF /* Koin.swift in Sources */ = {isa = PBXBuildFile; fileRef = 461F7C602AA878EB003791CF /* Koin.swift */; };
		461F7C652AA88A39003791CF /* NavRoute.swift in Sources */ = {isa = PBXBuildFile; fileRef = 461F7C642AA88A39003791CF /* NavRoute.swift */; };
		461F7C682AA88B80003791CF /* StringExt.swift in Sources */ = {isa = PBXBuildFile; fileRef = 461F7C672AA88B80003791CF /* StringExt.swift */; };
		461F7C6A2AA8D6FF003791CF /* UINavigationControllerExt.swift in Sources */ = {isa = PBXBuildFile; fileRef = 461F7C692AA8D6FF003791CF /* UINavigationControllerExt.swift */; };
		461F7C6C2AA8D71F003791CF /* BaseViewModelExt.swift in Sources */ = {isa = PBXBuildFile; fileRef = 461F7C6B2AA8D71F003791CF /* BaseViewModelExt.swift */; };
		461F7C712AA8D911003791CF /* HomeViewModelDelegate.swift in Sources */ = {isa = PBXBuildFile; fileRef = 461F7C702AA8D911003791CF /* HomeViewModelDelegate.swift */; };
		461F7C732AA8DC2B003791CF /* HomeRoute.swift in Sources */ = {isa = PBXBuildFile; fileRef = 461F7C722AA8DC2B003791CF /* HomeRoute.swift */; };
		461F7C752AA8DCD0003791CF /* HomeScreen.swift in Sources */ = {isa = PBXBuildFile; fileRef = 461F7C742AA8DCD0003791CF /* HomeScreen.swift */; };
		461F7C772AA8E371003791CF /* DetailScreen.swift in Sources */ = {isa = PBXBuildFile; fileRef = 461F7C762AA8E371003791CF /* DetailScreen.swift */; };
		46445AFA2ACD5484008934B2 /* PrivateSwitch.swift in Sources */ = {isa = PBXBuildFile; fileRef = 46445AF92ACD5484008934B2 /* PrivateSwitch.swift */; };
		464B60B42ABAF7C300369EC3 /* ProfileHeader.swift in Sources */ = {isa = PBXBuildFile; fileRef = 464B60B32ABAF7C300369EC3 /* ProfileHeader.swift */; };
		464B60B62ABAF81B00369EC3 /* Avatar.swift in Sources */ = {isa = PBXBuildFile; fileRef = 464B60B52ABAF81B00369EC3 /* Avatar.swift */; };
		465C1FCA2AC157C300B7AE18 /* ImagePicker.swift in Sources */ = {isa = PBXBuildFile; fileRef = 465C1FC92AC157C300B7AE18 /* ImagePicker.swift */; };
		465C1FCC2AC1775200B7AE18 /* StorageDelegate.swift in Sources */ = {isa = PBXBuildFile; fileRef = 465C1FCB2AC1775200B7AE18 /* StorageDelegate.swift */; };
		4667C9022AC585B000BAA9DD /* CreateNewAreaBottomSheet.swift in Sources */ = {isa = PBXBuildFile; fileRef = 4667C9012AC585B000BAA9DD /* CreateNewAreaBottomSheet.swift */; };
		4667C9042AC589EC00BAA9DD /* SingleLineTextField.swift in Sources */ = {isa = PBXBuildFile; fileRef = 4667C9032AC589EC00BAA9DD /* SingleLineTextField.swift */; };
		4667C9062AC58B0700BAA9DD /* SelectedEmojiImage.swift in Sources */ = {isa = PBXBuildFile; fileRef = 4667C9052AC58B0700BAA9DD /* SelectedEmojiImage.swift */; };
		4667C9082AC58DC800BAA9DD /* EmojiPicker.swift in Sources */ = {isa = PBXBuildFile; fileRef = 4667C9072AC58DC800BAA9DD /* EmojiPicker.swift */; };
		4667C90A2AC59A9B00BAA9DD /* MultilineTextField.swift in Sources */ = {isa = PBXBuildFile; fileRef = 4667C9092AC59A9B00BAA9DD /* MultilineTextField.swift */; };
		4667C90C2AC5A89000BAA9DD /* RequiredLevelRow.swift in Sources */ = {isa = PBXBuildFile; fileRef = 4667C90B2AC5A89000BAA9DD /* RequiredLevelRow.swift */; };
		4667C90E2AC5BA5900BAA9DD /* Loader.swift in Sources */ = {isa = PBXBuildFile; fileRef = 4667C90D2AC5BA5900BAA9DD /* Loader.swift */; };
		466B497D2ACFF06C00AD3F6E /* AddAreaScreen.swift in Sources */ = {isa = PBXBuildFile; fileRef = 466B497C2ACFF06C00AD3F6E /* AddAreaScreen.swift */; };
		466B497F2ACFF07300AD3F6E /* AddAreaRoute.swift in Sources */ = {isa = PBXBuildFile; fileRef = 466B497E2ACFF07300AD3F6E /* AddAreaRoute.swift */; };
		466C5CCB2AB73240002C089C /* BottomBar.swift in Sources */ = {isa = PBXBuildFile; fileRef = 466C5CCA2AB73240002C089C /* BottomBar.swift */; };
		4678E4482AAC6A67000B88E8 /* AppDelegate.swift in Sources */ = {isa = PBXBuildFile; fileRef = 4678E4472AAC6A67000B88E8 /* AppDelegate.swift */; };
		4678E44C2AAC6CF8000B88E8 /* GoogleService-Info.plist in Resources */ = {isa = PBXBuildFile; fileRef = 4678E44B2AAC6CF8000B88E8 /* GoogleService-Info.plist */; };
		467BECCF2AC017CF00F74482 /* PrimaryTabs.swift in Sources */ = {isa = PBXBuildFile; fileRef = 467BECCE2AC017CF00F74482 /* PrimaryTabs.swift */; };
		467BECD12AC0350400F74482 /* WisdomViewModel.swift in Sources */ = {isa = PBXBuildFile; fileRef = 467BECD02AC0350400F74482 /* WisdomViewModel.swift */; };
		46870C2E2AC092D300BCBDB1 /* SplashRoute.swift in Sources */ = {isa = PBXBuildFile; fileRef = 46870C2D2AC092D300BCBDB1 /* SplashRoute.swift */; };
		46870C302AC092DA00BCBDB1 /* SplashScreen.swift in Sources */ = {isa = PBXBuildFile; fileRef = 46870C2F2AC092DA00BCBDB1 /* SplashScreen.swift */; };
		468B794F2ACC57F000A8886C /* AddNoteItem.swift in Sources */ = {isa = PBXBuildFile; fileRef = 468B794E2ACC57F000A8886C /* AddNoteItem.swift */; };
		468B87682ABC45BF001BBEB1 /* DiaryRoute.swift in Sources */ = {isa = PBXBuildFile; fileRef = 468B87672ABC45BF001BBEB1 /* DiaryRoute.swift */; };
		468B876A2ABC45C6001BBEB1 /* DiaryScreen.swift in Sources */ = {isa = PBXBuildFile; fileRef = 468B87692ABC45C6001BBEB1 /* DiaryScreen.swift */; };
		468B876C2ABC45CC001BBEB1 /* CalendarsRoute.swift in Sources */ = {isa = PBXBuildFile; fileRef = 468B876B2ABC45CC001BBEB1 /* CalendarsRoute.swift */; };
		468B876E2ABC45D2001BBEB1 /* CalendarsScreen.swift in Sources */ = {isa = PBXBuildFile; fileRef = 468B876D2ABC45D2001BBEB1 /* CalendarsScreen.swift */; };
		468B87702ABC45DB001BBEB1 /* SocialRoute.swift in Sources */ = {isa = PBXBuildFile; fileRef = 468B876F2ABC45DB001BBEB1 /* SocialRoute.swift */; };
		468B87722ABC45E1001BBEB1 /* SocialScreen.swift in Sources */ = {isa = PBXBuildFile; fileRef = 468B87712ABC45E1001BBEB1 /* SocialScreen.swift */; };
		469D0FBE2AB1DE330060CE95 /* WhiteButton.swift in Sources */ = {isa = PBXBuildFile; fileRef = 469D0FBD2AB1DE330060CE95 /* WhiteButton.swift */; };
		469D0FC02AB20D5C0060CE95 /* UIScreenExt.swift in Sources */ = {isa = PBXBuildFile; fileRef = 469D0FBF2AB20D5C0060CE95 /* UIScreenExt.swift */; };
		46B17E0C2AADE081008C2BC4 /* TextExt.swift in Sources */ = {isa = PBXBuildFile; fileRef = 46B17E0B2AADE081008C2BC4 /* TextExt.swift */; };
		46B17E0F2AADE0B3008C2BC4 /* Type.swift in Sources */ = {isa = PBXBuildFile; fileRef = 46B17E0E2AADE0B2008C2BC4 /* Type.swift */; };
		46B17E112AADE0DD008C2BC4 /* Color.swift in Sources */ = {isa = PBXBuildFile; fileRef = 46B17E102AADE0DD008C2BC4 /* Color.swift */; };
		46B17E142AADE482008C2BC4 /* AuthTextField.swift in Sources */ = {isa = PBXBuildFile; fileRef = 46B17E132AADE482008C2BC4 /* AuthTextField.swift */; };
		46B17E162AADF05D008C2BC4 /* ViewExt.swift in Sources */ = {isa = PBXBuildFile; fileRef = 46B17E152AADF05D008C2BC4 /* ViewExt.swift */; };
		46B17E1A2AADF523008C2BC4 /* AppButton.swift in Sources */ = {isa = PBXBuildFile; fileRef = 46B17E192AADF523008C2BC4 /* AppButton.swift */; };
		46C10D1F2AB43FA300E62846 /* SnackBar.swift in Sources */ = {isa = PBXBuildFile; fileRef = 46C10D1E2AB43FA300E62846 /* SnackBar.swift */; };
		46C10D212AB46BF400E62846 /* UIPilotExt.swift in Sources */ = {isa = PBXBuildFile; fileRef = 46C10D202AB46BF400E62846 /* UIPilotExt.swift */; };
		46C10D232AB4734200E62846 /* AuthAnonymousButton.swift in Sources */ = {isa = PBXBuildFile; fileRef = 46C10D222AB4734200E62846 /* AuthAnonymousButton.swift */; };
		46C10D252AB4741100E62846 /* SwitchRegisteringText.swift in Sources */ = {isa = PBXBuildFile; fileRef = 46C10D242AB4741100E62846 /* SwitchRegisteringText.swift */; };
		46CDB56C2AADB45E00800096 /* AuthScreen.swift in Sources */ = {isa = PBXBuildFile; fileRef = 46CDB56B2AADB45E00800096 /* AuthScreen.swift */; };
		46CDB56E2AADB46400800096 /* AuthRoute.swift in Sources */ = {isa = PBXBuildFile; fileRef = 46CDB56D2AADB46400800096 /* AuthRoute.swift */; };
		46D857722ACFF16600BE74DA /* AddAreaItem.swift in Sources */ = {isa = PBXBuildFile; fileRef = 46D857712ACFF16600BE74DA /* AddAreaItem.swift */; };
		46D857742ACFF1C500BE74DA /* AddAreaViewModel.swift in Sources */ = {isa = PBXBuildFile; fileRef = 46D857732ACFF1C500BE74DA /* AddAreaViewModel.swift */; };
		46D857762ACFF23100BE74DA /* PaginationState.swift in Sources */ = {isa = PBXBuildFile; fileRef = 46D857752ACFF23100BE74DA /* PaginationState.swift */; };
		46D857782ACFF2D200BE74DA /* ArrayExt.swift in Sources */ = {isa = PBXBuildFile; fileRef = 46D857772ACFF2D200BE74DA /* ArrayExt.swift */; };
		46D8577A2ACFFC7C00BE74DA /* ScrollViewExt.swift in Sources */ = {isa = PBXBuildFile; fileRef = 46D857792ACFFC7C00BE74DA /* ScrollViewExt.swift */; };
		46D8577C2AD0560B00BE74DA /* DisabledAppButton.swift in Sources */ = {isa = PBXBuildFile; fileRef = 46D8577B2AD0560B00BE74DA /* DisabledAppButton.swift */; };
		46D8577E2AD0787E00BE74DA /* AddAreaHeader.swift in Sources */ = {isa = PBXBuildFile; fileRef = 46D8577D2AD0787E00BE74DA /* AddAreaHeader.swift */; };
		46D9381C2ABAECB70096A221 /* ProfileRoute.swift in Sources */ = {isa = PBXBuildFile; fileRef = 46D9381B2ABAECB70096A221 /* ProfileRoute.swift */; };
		46D9381E2ABAECBE0096A221 /* ProfileScreen.swift in Sources */ = {isa = PBXBuildFile; fileRef = 46D9381D2ABAECBE0096A221 /* ProfileScreen.swift */; };
		7555FF83242A565900829871 /* ContentView.swift in Sources */ = {isa = PBXBuildFile; fileRef = 7555FF82242A565900829871 /* ContentView.swift */; };
		DD1CD8AC3CDFF9460475C5F4 /* Pods_iosApp.framework in Frameworks */ = {isa = PBXBuildFile; fileRef = E8F55E6D0C4FF45066520BAF /* Pods_iosApp.framework */; };
/* End PBXBuildFile section */

/* Begin PBXFileReference section */
		058557BA273AAA24004C7B11 /* Assets.xcassets */ = {isa = PBXFileReference; lastKnownFileType = folder.assetcatalog; path = Assets.xcassets; sourceTree = "<group>"; };
		058557D8273AAEEB004C7B11 /* Preview Assets.xcassets */ = {isa = PBXFileReference; lastKnownFileType = folder.assetcatalog; path = "Preview Assets.xcassets"; sourceTree = "<group>"; };
		2152FB032600AC8F00CF470E /* iOSApp.swift */ = {isa = PBXFileReference; lastKnownFileType = sourcecode.swift; path = iOSApp.swift; sourceTree = "<group>"; };
		460054A02ABB0D0100586767 /* SettingsButton.swift */ = {isa = PBXFileReference; lastKnownFileType = sourcecode.swift; path = SettingsButton.swift; sourceTree = "<group>"; };
		460054A22ABB101600586767 /* SubscriptionBox.swift */ = {isa = PBXFileReference; lastKnownFileType = sourcecode.swift; path = SubscriptionBox.swift; sourceTree = "<group>"; };
		460054A42ABB17BD00586767 /* SectionTitle.swift */ = {isa = PBXFileReference; lastKnownFileType = sourcecode.swift; path = SectionTitle.swift; sourceTree = "<group>"; };
		460054A62ABB17FF00586767 /* PrimaryBox.swift */ = {isa = PBXFileReference; lastKnownFileType = sourcecode.swift; path = PrimaryBox.swift; sourceTree = "<group>"; };
		460054A82ABB18A800586767 /* AppSettings.swift */ = {isa = PBXFileReference; lastKnownFileType = sourcecode.swift; path = AppSettings.swift; sourceTree = "<group>"; };
		460054AA2ABB18FC00586767 /* MenuItem.swift */ = {isa = PBXFileReference; lastKnownFileType = sourcecode.swift; path = MenuItem.swift; sourceTree = "<group>"; };
		460054AC2ABB1B5E00586767 /* HelpAndSupport.swift */ = {isa = PBXFileReference; lastKnownFileType = sourcecode.swift; path = HelpAndSupport.swift; sourceTree = "<group>"; };
		460054B12ABB56F900586767 /* WisdomScreen.swift */ = {isa = PBXFileReference; lastKnownFileType = sourcecode.swift; path = WisdomScreen.swift; sourceTree = "<group>"; };
		460054B32ABB56FF00586767 /* WisdomRoute.swift */ = {isa = PBXFileReference; lastKnownFileType = sourcecode.swift; path = WisdomRoute.swift; sourceTree = "<group>"; };
		460054B62ABB576B00586767 /* WisdomItem.swift */ = {isa = PBXFileReference; lastKnownFileType = sourcecode.swift; path = WisdomItem.swift; sourceTree = "<group>"; };
		46059D212AC4037000DC5015 /* AreasView.swift */ = {isa = PBXFileReference; lastKnownFileType = sourcecode.swift; path = AreasView.swift; sourceTree = "<group>"; };
		46059D232AC4037500DC5015 /* NotesView.swift */ = {isa = PBXFileReference; lastKnownFileType = sourcecode.swift; path = NotesView.swift; sourceTree = "<group>"; };
		46059D252AC4037E00DC5015 /* TasksView.swift */ = {isa = PBXFileReference; lastKnownFileType = sourcecode.swift; path = TasksView.swift; sourceTree = "<group>"; };
		46059D282AC405BA00DC5015 /* AreaItem.swift */ = {isa = PBXFileReference; lastKnownFileType = sourcecode.swift; path = AreaItem.swift; sourceTree = "<group>"; };
		46059D2A2AC409A900DC5015 /* AddAreaButton.swift */ = {isa = PBXFileReference; lastKnownFileType = sourcecode.swift; path = AddAreaButton.swift; sourceTree = "<group>"; };
		46059D2C2AC41DB500DC5015 /* ExpandableButtonPanel.swift */ = {isa = PBXFileReference; lastKnownFileType = sourcecode.swift; path = ExpandableButtonPanel.swift; sourceTree = "<group>"; };
		461D21EB2AA8EC71007E84CE /* DetailRoute.swift */ = {isa = PBXFileReference; lastKnownFileType = sourcecode.swift; path = DetailRoute.swift; sourceTree = "<group>"; };
		461D21ED2AA8EF1A007E84CE /* LifecycleAwareObservableObject.swift */ = {isa = PBXFileReference; lastKnownFileType = sourcecode.swift; path = LifecycleAwareObservableObject.swift; sourceTree = "<group>"; };
		461F7C602AA878EB003791CF /* Koin.swift */ = {isa = PBXFileReference; lastKnownFileType = sourcecode.swift; path = Koin.swift; sourceTree = "<group>"; };
		461F7C642AA88A39003791CF /* NavRoute.swift */ = {isa = PBXFileReference; lastKnownFileType = sourcecode.swift; path = NavRoute.swift; sourceTree = "<group>"; };
		461F7C672AA88B80003791CF /* StringExt.swift */ = {isa = PBXFileReference; lastKnownFileType = sourcecode.swift; path = StringExt.swift; sourceTree = "<group>"; };
		461F7C692AA8D6FF003791CF /* UINavigationControllerExt.swift */ = {isa = PBXFileReference; lastKnownFileType = sourcecode.swift; path = UINavigationControllerExt.swift; sourceTree = "<group>"; };
		461F7C6B2AA8D71F003791CF /* BaseViewModelExt.swift */ = {isa = PBXFileReference; lastKnownFileType = sourcecode.swift; path = BaseViewModelExt.swift; sourceTree = "<group>"; };
		461F7C702AA8D911003791CF /* HomeViewModelDelegate.swift */ = {isa = PBXFileReference; lastKnownFileType = sourcecode.swift; path = HomeViewModelDelegate.swift; sourceTree = "<group>"; };
		461F7C722AA8DC2B003791CF /* HomeRoute.swift */ = {isa = PBXFileReference; lastKnownFileType = sourcecode.swift; path = HomeRoute.swift; sourceTree = "<group>"; };
		461F7C742AA8DCD0003791CF /* HomeScreen.swift */ = {isa = PBXFileReference; lastKnownFileType = sourcecode.swift; path = HomeScreen.swift; sourceTree = "<group>"; };
		461F7C762AA8E371003791CF /* DetailScreen.swift */ = {isa = PBXFileReference; lastKnownFileType = sourcecode.swift; path = DetailScreen.swift; sourceTree = "<group>"; };
		46445AF92ACD5484008934B2 /* PrivateSwitch.swift */ = {isa = PBXFileReference; lastKnownFileType = sourcecode.swift; path = PrivateSwitch.swift; sourceTree = "<group>"; };
		464B60B32ABAF7C300369EC3 /* ProfileHeader.swift */ = {isa = PBXFileReference; lastKnownFileType = sourcecode.swift; path = ProfileHeader.swift; sourceTree = "<group>"; };
		464B60B52ABAF81B00369EC3 /* Avatar.swift */ = {isa = PBXFileReference; lastKnownFileType = sourcecode.swift; path = Avatar.swift; sourceTree = "<group>"; };
		465C1FC92AC157C300B7AE18 /* ImagePicker.swift */ = {isa = PBXFileReference; lastKnownFileType = sourcecode.swift; path = ImagePicker.swift; sourceTree = "<group>"; };
		465C1FCB2AC1775200B7AE18 /* StorageDelegate.swift */ = {isa = PBXFileReference; lastKnownFileType = sourcecode.swift; path = StorageDelegate.swift; sourceTree = "<group>"; };
		4667C9012AC585B000BAA9DD /* CreateNewAreaBottomSheet.swift */ = {isa = PBXFileReference; lastKnownFileType = sourcecode.swift; path = CreateNewAreaBottomSheet.swift; sourceTree = "<group>"; };
		4667C9032AC589EC00BAA9DD /* SingleLineTextField.swift */ = {isa = PBXFileReference; lastKnownFileType = sourcecode.swift; path = SingleLineTextField.swift; sourceTree = "<group>"; };
		4667C9052AC58B0700BAA9DD /* SelectedEmojiImage.swift */ = {isa = PBXFileReference; lastKnownFileType = sourcecode.swift; path = SelectedEmojiImage.swift; sourceTree = "<group>"; };
		4667C9072AC58DC800BAA9DD /* EmojiPicker.swift */ = {isa = PBXFileReference; lastKnownFileType = sourcecode.swift; path = EmojiPicker.swift; sourceTree = "<group>"; };
		4667C9092AC59A9B00BAA9DD /* MultilineTextField.swift */ = {isa = PBXFileReference; lastKnownFileType = sourcecode.swift; path = MultilineTextField.swift; sourceTree = "<group>"; };
		4667C90B2AC5A89000BAA9DD /* RequiredLevelRow.swift */ = {isa = PBXFileReference; lastKnownFileType = sourcecode.swift; path = RequiredLevelRow.swift; sourceTree = "<group>"; };
		4667C90D2AC5BA5900BAA9DD /* Loader.swift */ = {isa = PBXFileReference; lastKnownFileType = sourcecode.swift; path = Loader.swift; sourceTree = "<group>"; };
		466B497C2ACFF06C00AD3F6E /* AddAreaScreen.swift */ = {isa = PBXFileReference; lastKnownFileType = sourcecode.swift; path = AddAreaScreen.swift; sourceTree = "<group>"; };
		466B497E2ACFF07300AD3F6E /* AddAreaRoute.swift */ = {isa = PBXFileReference; lastKnownFileType = sourcecode.swift; path = AddAreaRoute.swift; sourceTree = "<group>"; };
		466C5CCA2AB73240002C089C /* BottomBar.swift */ = {isa = PBXFileReference; lastKnownFileType = sourcecode.swift; path = BottomBar.swift; sourceTree = "<group>"; };
		4678E4472AAC6A67000B88E8 /* AppDelegate.swift */ = {isa = PBXFileReference; lastKnownFileType = sourcecode.swift; path = AppDelegate.swift; sourceTree = "<group>"; };
		4678E44B2AAC6CF8000B88E8 /* GoogleService-Info.plist */ = {isa = PBXFileReference; fileEncoding = 4; lastKnownFileType = text.plist.xml; name = "GoogleService-Info.plist"; path = "../../../../Downloads/GoogleService-Info.plist"; sourceTree = "<group>"; };
		467BECCE2AC017CF00F74482 /* PrimaryTabs.swift */ = {isa = PBXFileReference; lastKnownFileType = sourcecode.swift; path = PrimaryTabs.swift; sourceTree = "<group>"; };
		467BECD02AC0350400F74482 /* WisdomViewModel.swift */ = {isa = PBXFileReference; lastKnownFileType = sourcecode.swift; path = WisdomViewModel.swift; sourceTree = "<group>"; };
		46870C2D2AC092D300BCBDB1 /* SplashRoute.swift */ = {isa = PBXFileReference; lastKnownFileType = sourcecode.swift; name = SplashRoute.swift; path = iosApp/Features/Wisdom/SplashRoute.swift; sourceTree = SOURCE_ROOT; };
		46870C2F2AC092DA00BCBDB1 /* SplashScreen.swift */ = {isa = PBXFileReference; lastKnownFileType = sourcecode.swift; path = SplashScreen.swift; sourceTree = "<group>"; };
		468B794E2ACC57F000A8886C /* AddNoteItem.swift */ = {isa = PBXFileReference; lastKnownFileType = sourcecode.swift; path = AddNoteItem.swift; sourceTree = "<group>"; };
		468B87672ABC45BF001BBEB1 /* DiaryRoute.swift */ = {isa = PBXFileReference; lastKnownFileType = sourcecode.swift; path = DiaryRoute.swift; sourceTree = "<group>"; };
		468B87692ABC45C6001BBEB1 /* DiaryScreen.swift */ = {isa = PBXFileReference; lastKnownFileType = sourcecode.swift; path = DiaryScreen.swift; sourceTree = "<group>"; };
		468B876B2ABC45CC001BBEB1 /* CalendarsRoute.swift */ = {isa = PBXFileReference; lastKnownFileType = sourcecode.swift; path = CalendarsRoute.swift; sourceTree = "<group>"; };
		468B876D2ABC45D2001BBEB1 /* CalendarsScreen.swift */ = {isa = PBXFileReference; lastKnownFileType = sourcecode.swift; path = CalendarsScreen.swift; sourceTree = "<group>"; };
		468B876F2ABC45DB001BBEB1 /* SocialRoute.swift */ = {isa = PBXFileReference; lastKnownFileType = sourcecode.swift; path = SocialRoute.swift; sourceTree = "<group>"; };
		468B87712ABC45E1001BBEB1 /* SocialScreen.swift */ = {isa = PBXFileReference; lastKnownFileType = sourcecode.swift; path = SocialScreen.swift; sourceTree = "<group>"; };
		469D0FBD2AB1DE330060CE95 /* WhiteButton.swift */ = {isa = PBXFileReference; lastKnownFileType = sourcecode.swift; path = WhiteButton.swift; sourceTree = "<group>"; };
		469D0FBF2AB20D5C0060CE95 /* UIScreenExt.swift */ = {isa = PBXFileReference; lastKnownFileType = sourcecode.swift; path = UIScreenExt.swift; sourceTree = "<group>"; };
		46B17E0B2AADE081008C2BC4 /* TextExt.swift */ = {isa = PBXFileReference; lastKnownFileType = sourcecode.swift; path = TextExt.swift; sourceTree = "<group>"; };
		46B17E0E2AADE0B2008C2BC4 /* Type.swift */ = {isa = PBXFileReference; lastKnownFileType = sourcecode.swift; path = Type.swift; sourceTree = "<group>"; };
		46B17E102AADE0DD008C2BC4 /* Color.swift */ = {isa = PBXFileReference; lastKnownFileType = sourcecode.swift; path = Color.swift; sourceTree = "<group>"; };
		46B17E132AADE482008C2BC4 /* AuthTextField.swift */ = {isa = PBXFileReference; lastKnownFileType = sourcecode.swift; path = AuthTextField.swift; sourceTree = "<group>"; };
		46B17E152AADF05D008C2BC4 /* ViewExt.swift */ = {isa = PBXFileReference; lastKnownFileType = sourcecode.swift; path = ViewExt.swift; sourceTree = "<group>"; };
		46B17E192AADF523008C2BC4 /* AppButton.swift */ = {isa = PBXFileReference; lastKnownFileType = sourcecode.swift; path = AppButton.swift; sourceTree = "<group>"; };
		46C10D1E2AB43FA300E62846 /* SnackBar.swift */ = {isa = PBXFileReference; lastKnownFileType = sourcecode.swift; path = SnackBar.swift; sourceTree = "<group>"; };
		46C10D202AB46BF400E62846 /* UIPilotExt.swift */ = {isa = PBXFileReference; lastKnownFileType = sourcecode.swift; path = UIPilotExt.swift; sourceTree = "<group>"; };
		46C10D222AB4734200E62846 /* AuthAnonymousButton.swift */ = {isa = PBXFileReference; lastKnownFileType = sourcecode.swift; path = AuthAnonymousButton.swift; sourceTree = "<group>"; };
		46C10D242AB4741100E62846 /* SwitchRegisteringText.swift */ = {isa = PBXFileReference; lastKnownFileType = sourcecode.swift; path = SwitchRegisteringText.swift; sourceTree = "<group>"; };
		46CDB56B2AADB45E00800096 /* AuthScreen.swift */ = {isa = PBXFileReference; lastKnownFileType = sourcecode.swift; path = AuthScreen.swift; sourceTree = "<group>"; };
		46CDB56D2AADB46400800096 /* AuthRoute.swift */ = {isa = PBXFileReference; lastKnownFileType = sourcecode.swift; path = AuthRoute.swift; sourceTree = "<group>"; };
		46D857712ACFF16600BE74DA /* AddAreaItem.swift */ = {isa = PBXFileReference; lastKnownFileType = sourcecode.swift; path = AddAreaItem.swift; sourceTree = "<group>"; };
		46D857732ACFF1C500BE74DA /* AddAreaViewModel.swift */ = {isa = PBXFileReference; lastKnownFileType = sourcecode.swift; path = AddAreaViewModel.swift; sourceTree = "<group>"; };
		46D857752ACFF23100BE74DA /* PaginationState.swift */ = {isa = PBXFileReference; lastKnownFileType = sourcecode.swift; path = PaginationState.swift; sourceTree = "<group>"; };
		46D857772ACFF2D200BE74DA /* ArrayExt.swift */ = {isa = PBXFileReference; lastKnownFileType = sourcecode.swift; path = ArrayExt.swift; sourceTree = "<group>"; };
		46D857792ACFFC7C00BE74DA /* ScrollViewExt.swift */ = {isa = PBXFileReference; lastKnownFileType = sourcecode.swift; path = ScrollViewExt.swift; sourceTree = "<group>"; };
		46D8577B2AD0560B00BE74DA /* DisabledAppButton.swift */ = {isa = PBXFileReference; lastKnownFileType = sourcecode.swift; path = DisabledAppButton.swift; sourceTree = "<group>"; };
		46D8577D2AD0787E00BE74DA /* AddAreaHeader.swift */ = {isa = PBXFileReference; lastKnownFileType = sourcecode.swift; path = AddAreaHeader.swift; sourceTree = "<group>"; };
		46D9381B2ABAECB70096A221 /* ProfileRoute.swift */ = {isa = PBXFileReference; lastKnownFileType = sourcecode.swift; path = ProfileRoute.swift; sourceTree = "<group>"; };
		46D9381D2ABAECBE0096A221 /* ProfileScreen.swift */ = {isa = PBXFileReference; lastKnownFileType = sourcecode.swift; path = ProfileScreen.swift; sourceTree = "<group>"; };
		7555FF7B242A565900829871 /* iosApp.app */ = {isa = PBXFileReference; explicitFileType = wrapper.application; includeInIndex = 0; path = iosApp.app; sourceTree = BUILT_PRODUCTS_DIR; };
		7555FF82242A565900829871 /* ContentView.swift */ = {isa = PBXFileReference; lastKnownFileType = sourcecode.swift; path = ContentView.swift; sourceTree = "<group>"; };
		7555FF8C242A565B00829871 /* Info.plist */ = {isa = PBXFileReference; lastKnownFileType = text.plist.xml; path = Info.plist; sourceTree = "<group>"; };
		A94E91A91D61B9AD7FF8F12F /* Pods-iosApp.debug.xcconfig */ = {isa = PBXFileReference; includeInIndex = 1; lastKnownFileType = text.xcconfig; name = "Pods-iosApp.debug.xcconfig"; path = "Target Support Files/Pods-iosApp/Pods-iosApp.debug.xcconfig"; sourceTree = "<group>"; };
		E6048413415DDDC574965275 /* Pods-iosApp.release.xcconfig */ = {isa = PBXFileReference; includeInIndex = 1; lastKnownFileType = text.xcconfig; name = "Pods-iosApp.release.xcconfig"; path = "Target Support Files/Pods-iosApp/Pods-iosApp.release.xcconfig"; sourceTree = "<group>"; };
		E8F55E6D0C4FF45066520BAF /* Pods_iosApp.framework */ = {isa = PBXFileReference; explicitFileType = wrapper.framework; includeInIndex = 0; path = Pods_iosApp.framework; sourceTree = BUILT_PRODUCTS_DIR; };
/* End PBXFileReference section */

/* Begin PBXFrameworksBuildPhase section */
		D4DC51CD55D115971DAA1245 /* Frameworks */ = {
			isa = PBXFrameworksBuildPhase;
			buildActionMask = 2147483647;
			files = (
				DD1CD8AC3CDFF9460475C5F4 /* Pods_iosApp.framework in Frameworks */,
			);
			runOnlyForDeploymentPostprocessing = 0;
		};
/* End PBXFrameworksBuildPhase section */

/* Begin PBXGroup section */
		058557D7273AAEEB004C7B11 /* Preview Content */ = {
			isa = PBXGroup;
			children = (
				058557D8273AAEEB004C7B11 /* Preview Assets.xcassets */,
			);
			path = "Preview Content";
			sourceTree = "<group>";
		};
		1727E38462DEEDAE317A8B07 /* Pods */ = {
			isa = PBXGroup;
			children = (
				A94E91A91D61B9AD7FF8F12F /* Pods-iosApp.debug.xcconfig */,
				E6048413415DDDC574965275 /* Pods-iosApp.release.xcconfig */,
			);
			path = Pods;
			sourceTree = "<group>";
		};
		460054B02ABB56EC00586767 /* Wisdom */ = {
			isa = PBXGroup;
			children = (
				460054B52ABB576500586767 /* components */,
				460054B12ABB56F900586767 /* WisdomScreen.swift */,
				460054B32ABB56FF00586767 /* WisdomRoute.swift */,
				467BECD02AC0350400F74482 /* WisdomViewModel.swift */,
			);
			path = Wisdom;
			sourceTree = "<group>";
		};
		460054B52ABB576500586767 /* components */ = {
			isa = PBXGroup;
			children = (
				460054B62ABB576B00586767 /* WisdomItem.swift */,
			);
			path = components;
			sourceTree = "<group>";
		};
		46059D1E2AC4035800DC5015 /* areas */ = {
			isa = PBXGroup;
			children = (
				46059D272AC4059700DC5015 /* components */,
				46059D212AC4037000DC5015 /* AreasView.swift */,
			);
			path = areas;
			sourceTree = "<group>";
		};
		46059D1F2AC4035F00DC5015 /* notes */ = {
			isa = PBXGroup;
			children = (
				468B794D2ACC577800A8886C /* components */,
				46059D232AC4037500DC5015 /* NotesView.swift */,
			);
			path = notes;
			sourceTree = "<group>";
		};
		46059D202AC4036500DC5015 /* tasks */ = {
			isa = PBXGroup;
			children = (
				468B794C2ACC577000A8886C /* components */,
				46059D252AC4037E00DC5015 /* TasksView.swift */,
			);
			path = tasks;
			sourceTree = "<group>";
		};
		46059D272AC4059700DC5015 /* components */ = {
			isa = PBXGroup;
			children = (
				4667C9002AC585A300BAA9DD /* createnewarea */,
				46059D282AC405BA00DC5015 /* AreaItem.swift */,
				46059D2A2AC409A900DC5015 /* AddAreaButton.swift */,
			);
			path = components;
			sourceTree = "<group>";
		};
		461F7C5F2AA878D0003791CF /* App */ = {
			isa = PBXGroup;
			children = (
				2152FB032600AC8F00CF470E /* iOSApp.swift */,
				7555FF82242A565900829871 /* ContentView.swift */,
				461F7C602AA878EB003791CF /* Koin.swift */,
				4678E4472AAC6A67000B88E8 /* AppDelegate.swift */,
			);
			path = App;
			sourceTree = "<group>";
		};
		461F7C622AA88A13003791CF /* Core */ = {
			isa = PBXGroup;
			children = (
				46B17E182AADF50D008C2BC4 /* Components */,
				46B17E0D2AADE0AD008C2BC4 /* Theme */,
				461F7C632AA88A2C003791CF /* Util */,
			);
			path = Core;
			sourceTree = "<group>";
		};
		461F7C632AA88A2C003791CF /* Util */ = {
			isa = PBXGroup;
			children = (
				461F7C662AA88B75003791CF /* extensions */,
				461F7C642AA88A39003791CF /* NavRoute.swift */,
				461D21ED2AA8EF1A007E84CE /* LifecycleAwareObservableObject.swift */,
				465C1FCB2AC1775200B7AE18 /* StorageDelegate.swift */,
				46D857752ACFF23100BE74DA /* PaginationState.swift */,
			);
			path = Util;
			sourceTree = "<group>";
		};
		461F7C662AA88B75003791CF /* extensions */ = {
			isa = PBXGroup;
			children = (
				461F7C672AA88B80003791CF /* StringExt.swift */,
				461F7C692AA8D6FF003791CF /* UINavigationControllerExt.swift */,
				461F7C6B2AA8D71F003791CF /* BaseViewModelExt.swift */,
				46B17E0B2AADE081008C2BC4 /* TextExt.swift */,
				46B17E152AADF05D008C2BC4 /* ViewExt.swift */,
				469D0FBF2AB20D5C0060CE95 /* UIScreenExt.swift */,
				46C10D202AB46BF400E62846 /* UIPilotExt.swift */,
				46D857772ACFF2D200BE74DA /* ArrayExt.swift */,
				46D857792ACFFC7C00BE74DA /* ScrollViewExt.swift */,
			);
			path = extensions;
			sourceTree = "<group>";
		};
		461F7C6D2AA8D7DE003791CF /* Features */ = {
			isa = PBXGroup;
			children = (
				466B497B2ACFF06000AD3F6E /* AddArea */,
				46870C2C2AC092CB00BCBDB1 /* Splash */,
				468B87662ABC4445001BBEB1 /* Diary */,
				468B87652ABC443E001BBEB1 /* Calendars */,
				468B87642ABC4439001BBEB1 /* Social */,
				460054B02ABB56EC00586767 /* Wisdom */,
				46D9381A2ABAECA90096A221 /* Profile */,
				46CDB56A2AADB45200800096 /* Auth */,
				461F7C6E2AA8D7FC003791CF /* Home */,
				461F7C6F2AA8D802003791CF /* Detail */,
			);
			path = Features;
			sourceTree = "<group>";
		};
		461F7C6E2AA8D7FC003791CF /* Home */ = {
			isa = PBXGroup;
			children = (
				461F7C702AA8D911003791CF /* HomeViewModelDelegate.swift */,
				461F7C722AA8DC2B003791CF /* HomeRoute.swift */,
				461F7C742AA8DCD0003791CF /* HomeScreen.swift */,
			);
			path = Home;
			sourceTree = "<group>";
		};
		461F7C6F2AA8D802003791CF /* Detail */ = {
			isa = PBXGroup;
			children = (
				461F7C762AA8E371003791CF /* DetailScreen.swift */,
				461D21EB2AA8EC71007E84CE /* DetailRoute.swift */,
			);
			path = Detail;
			sourceTree = "<group>";
		};
		464B60B22ABAF6D400369EC3 /* components */ = {
			isa = PBXGroup;
			children = (
				464B60B32ABAF7C300369EC3 /* ProfileHeader.swift */,
				464B60B52ABAF81B00369EC3 /* Avatar.swift */,
				460054A02ABB0D0100586767 /* SettingsButton.swift */,
				460054A22ABB101600586767 /* SubscriptionBox.swift */,
				460054A42ABB17BD00586767 /* SectionTitle.swift */,
				460054A82ABB18A800586767 /* AppSettings.swift */,
				460054AA2ABB18FC00586767 /* MenuItem.swift */,
				460054AC2ABB1B5E00586767 /* HelpAndSupport.swift */,
			);
			path = components;
			sourceTree = "<group>";
		};
		4667C9002AC585A300BAA9DD /* createnewarea */ = {
			isa = PBXGroup;
			children = (
				4667C9012AC585B000BAA9DD /* CreateNewAreaBottomSheet.swift */,
				4667C9052AC58B0700BAA9DD /* SelectedEmojiImage.swift */,
				4667C9072AC58DC800BAA9DD /* EmojiPicker.swift */,
				4667C90B2AC5A89000BAA9DD /* RequiredLevelRow.swift */,
				46445AF92ACD5484008934B2 /* PrivateSwitch.swift */,
			);
			path = createnewarea;
			sourceTree = "<group>";
		};
		466B497B2ACFF06000AD3F6E /* AddArea */ = {
			isa = PBXGroup;
			children = (
				46D857702ACFF12600BE74DA /* components */,
				466B497C2ACFF06C00AD3F6E /* AddAreaScreen.swift */,
				466B497E2ACFF07300AD3F6E /* AddAreaRoute.swift */,
				46D857732ACFF1C500BE74DA /* AddAreaViewModel.swift */,
			);
			path = AddArea;
			sourceTree = "<group>";
		};
		46870C2C2AC092CB00BCBDB1 /* Splash */ = {
			isa = PBXGroup;
			children = (
				46870C2D2AC092D300BCBDB1 /* SplashRoute.swift */,
				46870C2F2AC092DA00BCBDB1 /* SplashScreen.swift */,
			);
			path = Splash;
			sourceTree = "<group>";
		};
		468B794C2ACC577000A8886C /* components */ = {
			isa = PBXGroup;
			children = (
			);
			path = components;
			sourceTree = "<group>";
		};
		468B794D2ACC577800A8886C /* components */ = {
			isa = PBXGroup;
			children = (
				468B794E2ACC57F000A8886C /* AddNoteItem.swift */,
			);
			path = components;
			sourceTree = "<group>";
		};
		468B87642ABC4439001BBEB1 /* Social */ = {
			isa = PBXGroup;
			children = (
				468B876F2ABC45DB001BBEB1 /* SocialRoute.swift */,
				468B87712ABC45E1001BBEB1 /* SocialScreen.swift */,
			);
			path = Social;
			sourceTree = "<group>";
		};
		468B87652ABC443E001BBEB1 /* Calendars */ = {
			isa = PBXGroup;
			children = (
				468B876B2ABC45CC001BBEB1 /* CalendarsRoute.swift */,
				468B876D2ABC45D2001BBEB1 /* CalendarsScreen.swift */,
			);
			path = Calendars;
			sourceTree = "<group>";
		};
		468B87662ABC4445001BBEB1 /* Diary */ = {
			isa = PBXGroup;
			children = (
				46059D202AC4036500DC5015 /* tasks */,
				46059D1F2AC4035F00DC5015 /* notes */,
				46059D1E2AC4035800DC5015 /* areas */,
				468B87672ABC45BF001BBEB1 /* DiaryRoute.swift */,
				468B87692ABC45C6001BBEB1 /* DiaryScreen.swift */,
			);
			path = Diary;
			sourceTree = "<group>";
		};
		46B17E0D2AADE0AD008C2BC4 /* Theme */ = {
			isa = PBXGroup;
			children = (
				46B17E0E2AADE0B2008C2BC4 /* Type.swift */,
				46B17E102AADE0DD008C2BC4 /* Color.swift */,
			);
			path = Theme;
			sourceTree = "<group>";
		};
		46B17E122AADE475008C2BC4 /* components */ = {
			isa = PBXGroup;
			children = (
				46B17E132AADE482008C2BC4 /* AuthTextField.swift */,
				46C10D222AB4734200E62846 /* AuthAnonymousButton.swift */,
				46C10D242AB4741100E62846 /* SwitchRegisteringText.swift */,
			);
			path = components;
			sourceTree = "<group>";
		};
		46B17E182AADF50D008C2BC4 /* Components */ = {
			isa = PBXGroup;
			children = (
				46B17E192AADF523008C2BC4 /* AppButton.swift */,
				469D0FBD2AB1DE330060CE95 /* WhiteButton.swift */,
				46C10D1E2AB43FA300E62846 /* SnackBar.swift */,
				466C5CCA2AB73240002C089C /* BottomBar.swift */,
				460054A62ABB17FF00586767 /* PrimaryBox.swift */,
				467BECCE2AC017CF00F74482 /* PrimaryTabs.swift */,
				465C1FC92AC157C300B7AE18 /* ImagePicker.swift */,
				46059D2C2AC41DB500DC5015 /* ExpandableButtonPanel.swift */,
				4667C9032AC589EC00BAA9DD /* SingleLineTextField.swift */,
				4667C9092AC59A9B00BAA9DD /* MultilineTextField.swift */,
				4667C90D2AC5BA5900BAA9DD /* Loader.swift */,
				46D8577B2AD0560B00BE74DA /* DisabledAppButton.swift */,
			);
			path = Components;
			sourceTree = "<group>";
		};
		46CDB56A2AADB45200800096 /* Auth */ = {
			isa = PBXGroup;
			children = (
				46B17E122AADE475008C2BC4 /* components */,
				46CDB56B2AADB45E00800096 /* AuthScreen.swift */,
				46CDB56D2AADB46400800096 /* AuthRoute.swift */,
			);
			path = Auth;
			sourceTree = "<group>";
		};
		46D857702ACFF12600BE74DA /* components */ = {
			isa = PBXGroup;
			children = (
				46D857712ACFF16600BE74DA /* AddAreaItem.swift */,
				46D8577D2AD0787E00BE74DA /* AddAreaHeader.swift */,
			);
			path = components;
			sourceTree = "<group>";
		};
		46D9381A2ABAECA90096A221 /* Profile */ = {
			isa = PBXGroup;
			children = (
				464B60B22ABAF6D400369EC3 /* components */,
				46D9381B2ABAECB70096A221 /* ProfileRoute.swift */,
				46D9381D2ABAECBE0096A221 /* ProfileScreen.swift */,
			);
			path = Profile;
			sourceTree = "<group>";
		};
		7555FF72242A565900829871 = {
			isa = PBXGroup;
			children = (
				7555FF7D242A565900829871 /* iosApp */,
				7555FF7C242A565900829871 /* Products */,
				1727E38462DEEDAE317A8B07 /* Pods */,
				B6F50E3E55F30F02F98FE8E5 /* Frameworks */,
			);
			sourceTree = "<group>";
		};
		7555FF7C242A565900829871 /* Products */ = {
			isa = PBXGroup;
			children = (
				7555FF7B242A565900829871 /* iosApp.app */,
			);
			name = Products;
			sourceTree = "<group>";
		};
		7555FF7D242A565900829871 /* iosApp */ = {
			isa = PBXGroup;
			children = (
				4678E44B2AAC6CF8000B88E8 /* GoogleService-Info.plist */,
				461F7C5F2AA878D0003791CF /* App */,
				461F7C622AA88A13003791CF /* Core */,
				461F7C6D2AA8D7DE003791CF /* Features */,
				058557BA273AAA24004C7B11 /* Assets.xcassets */,
				7555FF8C242A565B00829871 /* Info.plist */,
				058557D7273AAEEB004C7B11 /* Preview Content */,
			);
			path = iosApp;
			sourceTree = "<group>";
		};
		B6F50E3E55F30F02F98FE8E5 /* Frameworks */ = {
			isa = PBXGroup;
			children = (
				E8F55E6D0C4FF45066520BAF /* Pods_iosApp.framework */,
			);
			name = Frameworks;
			sourceTree = "<group>";
		};
/* End PBXGroup section */

/* Begin PBXNativeTarget section */
		7555FF7A242A565900829871 /* iosApp */ = {
			isa = PBXNativeTarget;
			buildConfigurationList = 7555FFA5242A565B00829871 /* Build configuration list for PBXNativeTarget "iosApp" */;
			buildPhases = (
				452E5D293612E49AD807C398 /* [CP] Check Pods Manifest.lock */,
				7555FF77242A565900829871 /* Sources */,
				7555FF79242A565900829871 /* Resources */,
				D4DC51CD55D115971DAA1245 /* Frameworks */,
				81BC7FD84C6F72E25629192D /* [CP] Embed Pods Frameworks */,
				4678E4502AACDD48000B88E8 /* ShellScript */,
				46A9A1EC2ABF06020098798A /* crashlytics */,
			);
			buildRules = (
			);
			dependencies = (
			);
			name = iosApp;
			packageProductDependencies = (
			);
			productName = iosApp;
			productReference = 7555FF7B242A565900829871 /* iosApp.app */;
			productType = "com.apple.product-type.application";
		};
/* End PBXNativeTarget section */

/* Begin PBXProject section */
		7555FF73242A565900829871 /* Project object */ = {
			isa = PBXProject;
			attributes = {
				BuildIndependentTargetsInParallel = YES;
				LastSwiftUpdateCheck = 1130;
				LastUpgradeCheck = 1500;
				ORGANIZATIONNAME = orgName;
				TargetAttributes = {
					7555FF7A242A565900829871 = {
						CreatedOnToolsVersion = 11.3.1;
					};
				};
			};
			buildConfigurationList = 7555FF76242A565900829871 /* Build configuration list for PBXProject "iosApp" */;
			compatibilityVersion = "Xcode 9.3";
			developmentRegion = en;
			hasScannedForEncodings = 0;
			knownRegions = (
				en,
				Base,
			);
			mainGroup = 7555FF72242A565900829871;
			packageReferences = (
				46B17E0A2AADCD94008C2BC4 /* XCRemoteSwiftPackageReference "firebase-ios-sdk" */,
			);
			productRefGroup = 7555FF7C242A565900829871 /* Products */;
			projectDirPath = "";
			projectRoot = "";
			targets = (
				7555FF7A242A565900829871 /* iosApp */,
			);
		};
/* End PBXProject section */

/* Begin PBXResourcesBuildPhase section */
		7555FF79242A565900829871 /* Resources */ = {
			isa = PBXResourcesBuildPhase;
			buildActionMask = 2147483647;
			files = (
				058557D9273AAEEB004C7B11 /* Preview Assets.xcassets in Resources */,
				058557BB273AAA24004C7B11 /* Assets.xcassets in Resources */,
				4678E44C2AAC6CF8000B88E8 /* GoogleService-Info.plist in Resources */,
			);
			runOnlyForDeploymentPostprocessing = 0;
		};
/* End PBXResourcesBuildPhase section */

/* Begin PBXShellScriptBuildPhase section */
		452E5D293612E49AD807C398 /* [CP] Check Pods Manifest.lock */ = {
			isa = PBXShellScriptBuildPhase;
			buildActionMask = 2147483647;
			files = (
			);
			inputFileListPaths = (
			);
			inputPaths = (
				"${PODS_PODFILE_DIR_PATH}/Podfile.lock",
				"${PODS_ROOT}/Manifest.lock",
			);
			name = "[CP] Check Pods Manifest.lock";
			outputFileListPaths = (
			);
			outputPaths = (
				"$(DERIVED_FILE_DIR)/Pods-iosApp-checkManifestLockResult.txt",
			);
			runOnlyForDeploymentPostprocessing = 0;
			shellPath = /bin/sh;
			shellScript = "diff \"${PODS_PODFILE_DIR_PATH}/Podfile.lock\" \"${PODS_ROOT}/Manifest.lock\" > /dev/null\nif [ $? != 0 ] ; then\n    # print error to STDERR\n    echo \"error: The sandbox is not in sync with the Podfile.lock. Run 'pod install' or update your CocoaPods installation.\" >&2\n    exit 1\nfi\n# This output is used by Xcode 'outputs' to avoid re-running this script phase.\necho \"SUCCESS\" > \"${SCRIPT_OUTPUT_FILE_0}\"\n";
			showEnvVarsInLog = 0;
		};
		4678E4502AACDD48000B88E8 /* ShellScript */ = {
			isa = PBXShellScriptBuildPhase;
			buildActionMask = 2147483647;
			files = (
			);
			inputFileListPaths = (
			);
			inputPaths = (
			);
			outputFileListPaths = (
			);
			outputPaths = (
			);
			runOnlyForDeploymentPostprocessing = 0;
			shellPath = /bin/sh;
			shellScript = "\"$SRCROOT/../gradlew\" -p \"$SRCROOT/../\" :shared:umbrella:copyFrameworkResourcesToApp \\\n    -Pmoko.resources.PLATFORM_NAME=$PLATFORM_NAME \\\n    -Pmoko.resources.CONFIGURATION=$CONFIGURATION \\\n    -Pmoko.resources.BUILT_PRODUCTS_DIR=$BUILT_PRODUCTS_DIR \\\n    -Pmoko.resources.CONTENTS_FOLDER_PATH=$CONTENTS_FOLDER_PATH\\\n    -Pkotlin.native.cocoapods.platform=$PLATFORM_NAME \\\n    -Pkotlin.native.cocoapods.archs=\"$ARCHS\" \\\n    -Pkotlin.native.cocoapods.configuration=$CONFIGURATION \n";
		};
		46A9A1EC2ABF06020098798A /* crashlytics */ = {
			isa = PBXShellScriptBuildPhase;
			buildActionMask = 2147483647;
			files = (
			);
			inputFileListPaths = (
			);
			inputPaths = (
				"${DWARF_DSYM_FOLDER_PATH}/${DWARF_DSYM_FILE_NAME}",
				"${DWARF_DSYM_FOLDER_PATH}/${DWARF_DSYM_FILE_NAME}/Contents/Resources/DWARF/${PRODUCT_NAME}",
				"${DWARF_DSYM_FOLDER_PATH}/${DWARF_DSYM_FILE_NAME}/Contents/Info.plist",
				"$(BUILT_PRODUCTS_DIR)/$(UNLOCALIZED_RESOURCES_FOLDER_PATH)/GoogleService-Info.plist",
				"$(BUILT_PRODUCTS_DIR)/$(EXECUTABLE_PATH)",
			);
			name = crashlytics;
			outputFileListPaths = (
			);
			outputPaths = (
			);
			runOnlyForDeploymentPostprocessing = 0;
			shellPath = /bin/sh;
			shellScript = "\"${BUILD_DIR%/Build/*}/SourcePackages/checkouts/firebase-ios-sdk/Crashlytics/run\"\n";
		};
		81BC7FD84C6F72E25629192D /* [CP] Embed Pods Frameworks */ = {
			isa = PBXShellScriptBuildPhase;
			buildActionMask = 2147483647;
			files = (
			);
			inputFileListPaths = (
				"${PODS_ROOT}/Target Support Files/Pods-iosApp/Pods-iosApp-frameworks-${CONFIGURATION}-input-files.xcfilelist",
			);
			name = "[CP] Embed Pods Frameworks";
			outputFileListPaths = (
				"${PODS_ROOT}/Target Support Files/Pods-iosApp/Pods-iosApp-frameworks-${CONFIGURATION}-output-files.xcfilelist",
			);
			runOnlyForDeploymentPostprocessing = 0;
			shellPath = /bin/sh;
			shellScript = "\"${PODS_ROOT}/Target Support Files/Pods-iosApp/Pods-iosApp-frameworks.sh\"\n";
			showEnvVarsInLog = 0;
		};
/* End PBXShellScriptBuildPhase section */

/* Begin PBXSourcesBuildPhase section */
		7555FF77242A565900829871 /* Sources */ = {
			isa = PBXSourcesBuildPhase;
			buildActionMask = 2147483647;
			files = (
				46C10D252AB4741100E62846 /* SwitchRegisteringText.swift in Sources */,
				465C1FCC2AC1775200B7AE18 /* StorageDelegate.swift in Sources */,
				461F7C612AA878EB003791CF /* Koin.swift in Sources */,
				46445AFA2ACD5484008934B2 /* PrivateSwitch.swift in Sources */,
				460054A72ABB17FF00586767 /* PrimaryBox.swift in Sources */,
				465C1FCA2AC157C300B7AE18 /* ImagePicker.swift in Sources */,
				46B17E142AADE482008C2BC4 /* AuthTextField.swift in Sources */,
				460054B72ABB576B00586767 /* WisdomItem.swift in Sources */,
				4667C9022AC585B000BAA9DD /* CreateNewAreaBottomSheet.swift in Sources */,
				461F7C652AA88A39003791CF /* NavRoute.swift in Sources */,
				468B87702ABC45DB001BBEB1 /* SocialRoute.swift in Sources */,
				46D8577A2ACFFC7C00BE74DA /* ScrollViewExt.swift in Sources */,
				2152FB042600AC8F00CF470E /* iOSApp.swift in Sources */,
				466B497D2ACFF06C00AD3F6E /* AddAreaScreen.swift in Sources */,
				460054AB2ABB18FC00586767 /* MenuItem.swift in Sources */,
				468B87722ABC45E1001BBEB1 /* SocialScreen.swift in Sources */,
				46870C2E2AC092D300BCBDB1 /* SplashRoute.swift in Sources */,
				46D8577C2AD0560B00BE74DA /* DisabledAppButton.swift in Sources */,
				46D9381E2ABAECBE0096A221 /* ProfileScreen.swift in Sources */,
				46059D292AC405BA00DC5015 /* AreaItem.swift in Sources */,
				460054AD2ABB1B5E00586767 /* HelpAndSupport.swift in Sources */,
				46C10D212AB46BF400E62846 /* UIPilotExt.swift in Sources */,
				468B876E2ABC45D2001BBEB1 /* CalendarsScreen.swift in Sources */,
				46059D222AC4037000DC5015 /* AreasView.swift in Sources */,
				460054A32ABB101600586767 /* SubscriptionBox.swift in Sources */,
				4667C90A2AC59A9B00BAA9DD /* MultilineTextField.swift in Sources */,
				46B17E162AADF05D008C2BC4 /* ViewExt.swift in Sources */,
				460054A12ABB0D0100586767 /* SettingsButton.swift in Sources */,
				46D857762ACFF23100BE74DA /* PaginationState.swift in Sources */,
				464B60B42ABAF7C300369EC3 /* ProfileHeader.swift in Sources */,
				46059D2D2AC41DB500DC5015 /* ExpandableButtonPanel.swift in Sources */,
				468B87682ABC45BF001BBEB1 /* DiaryRoute.swift in Sources */,
				464B60B62ABAF81B00369EC3 /* Avatar.swift in Sources */,
				468B794F2ACC57F000A8886C /* AddNoteItem.swift in Sources */,
				468B876C2ABC45CC001BBEB1 /* CalendarsRoute.swift in Sources */,
				46C10D232AB4734200E62846 /* AuthAnonymousButton.swift in Sources */,
				467BECD12AC0350400F74482 /* WisdomViewModel.swift in Sources */,
				461F7C6A2AA8D6FF003791CF /* UINavigationControllerExt.swift in Sources */,
				4678E4482AAC6A67000B88E8 /* AppDelegate.swift in Sources */,
				7555FF83242A565900829871 /* ContentView.swift in Sources */,
				466C5CCB2AB73240002C089C /* BottomBar.swift in Sources */,
				461F7C6C2AA8D71F003791CF /* BaseViewModelExt.swift in Sources */,
				46D857722ACFF16600BE74DA /* AddAreaItem.swift in Sources */,
				46D857782ACFF2D200BE74DA /* ArrayExt.swift in Sources */,
				46059D242AC4037500DC5015 /* NotesView.swift in Sources */,
				461D21EC2AA8EC71007E84CE /* DetailRoute.swift in Sources */,
				460054A92ABB18A800586767 /* AppSettings.swift in Sources */,
				4667C9042AC589EC00BAA9DD /* SingleLineTextField.swift in Sources */,
				4667C9062AC58B0700BAA9DD /* SelectedEmojiImage.swift in Sources */,
				461F7C752AA8DCD0003791CF /* HomeScreen.swift in Sources */,
				4667C90E2AC5BA5900BAA9DD /* Loader.swift in Sources */,
				469D0FC02AB20D5C0060CE95 /* UIScreenExt.swift in Sources */,
				46B17E1A2AADF523008C2BC4 /* AppButton.swift in Sources */,
				461F7C712AA8D911003791CF /* HomeViewModelDelegate.swift in Sources */,
				461F7C732AA8DC2B003791CF /* HomeRoute.swift in Sources */,
				46D9381C2ABAECB70096A221 /* ProfileRoute.swift in Sources */,
				46B17E112AADE0DD008C2BC4 /* Color.swift in Sources */,
				460054B42ABB56FF00586767 /* WisdomRoute.swift in Sources */,
				46870C302AC092DA00BCBDB1 /* SplashScreen.swift in Sources */,
				466B497F2ACFF07300AD3F6E /* AddAreaRoute.swift in Sources */,
				46059D2B2AC409A900DC5015 /* AddAreaButton.swift in Sources */,
				460054B22ABB56F900586767 /* WisdomScreen.swift in Sources */,
				4667C9082AC58DC800BAA9DD /* EmojiPicker.swift in Sources */,
				46CDB56E2AADB46400800096 /* AuthRoute.swift in Sources */,
				46B17E0C2AADE081008C2BC4 /* TextExt.swift in Sources */,
				467BECCF2AC017CF00F74482 /* PrimaryTabs.swift in Sources */,
				461F7C772AA8E371003791CF /* DetailScreen.swift in Sources */,
				468B876A2ABC45C6001BBEB1 /* DiaryScreen.swift in Sources */,
				46D8577E2AD0787E00BE74DA /* AddAreaHeader.swift in Sources */,
				469D0FBE2AB1DE330060CE95 /* WhiteButton.swift in Sources */,
				46059D262AC4037E00DC5015 /* TasksView.swift in Sources */,
				461F7C682AA88B80003791CF /* StringExt.swift in Sources */,
				46D857742ACFF1C500BE74DA /* AddAreaViewModel.swift in Sources */,
				461D21EE2AA8EF1A007E84CE /* LifecycleAwareObservableObject.swift in Sources */,
				460054A52ABB17BD00586767 /* SectionTitle.swift in Sources */,
				46C10D1F2AB43FA300E62846 /* SnackBar.swift in Sources */,
				4667C90C2AC5A89000BAA9DD /* RequiredLevelRow.swift in Sources */,
				46CDB56C2AADB45E00800096 /* AuthScreen.swift in Sources */,
				46B17E0F2AADE0B3008C2BC4 /* Type.swift in Sources */,
			);
			runOnlyForDeploymentPostprocessing = 0;
		};
/* End PBXSourcesBuildPhase section */

/* Begin XCBuildConfiguration section */
		7555FFA3242A565B00829871 /* Debug */ = {
			isa = XCBuildConfiguration;
			buildSettings = {
				ALWAYS_SEARCH_USER_PATHS = NO;
				CLANG_ANALYZER_NONNULL = YES;
				CLANG_ANALYZER_NUMBER_OBJECT_CONVERSION = YES_AGGRESSIVE;
				CLANG_CXX_LANGUAGE_STANDARD = "gnu++14";
				CLANG_CXX_LIBRARY = "libc++";
				CLANG_ENABLE_MODULES = YES;
				CLANG_ENABLE_OBJC_ARC = YES;
				CLANG_ENABLE_OBJC_WEAK = YES;
				CLANG_WARN_BLOCK_CAPTURE_AUTORELEASING = YES;
				CLANG_WARN_BOOL_CONVERSION = YES;
				CLANG_WARN_COMMA = YES;
				CLANG_WARN_CONSTANT_CONVERSION = YES;
				CLANG_WARN_DEPRECATED_OBJC_IMPLEMENTATIONS = YES;
				CLANG_WARN_DIRECT_OBJC_ISA_USAGE = YES_ERROR;
				CLANG_WARN_DOCUMENTATION_COMMENTS = YES;
				CLANG_WARN_EMPTY_BODY = YES;
				CLANG_WARN_ENUM_CONVERSION = YES;
				CLANG_WARN_INFINITE_RECURSION = YES;
				CLANG_WARN_INT_CONVERSION = YES;
				CLANG_WARN_NON_LITERAL_NULL_CONVERSION = YES;
				CLANG_WARN_OBJC_IMPLICIT_RETAIN_SELF = YES;
				CLANG_WARN_OBJC_LITERAL_CONVERSION = YES;
				CLANG_WARN_OBJC_ROOT_CLASS = YES_ERROR;
				CLANG_WARN_QUOTED_INCLUDE_IN_FRAMEWORK_HEADER = YES;
				CLANG_WARN_RANGE_LOOP_ANALYSIS = YES;
				CLANG_WARN_STRICT_PROTOTYPES = YES;
				CLANG_WARN_SUSPICIOUS_MOVE = YES;
				CLANG_WARN_UNGUARDED_AVAILABILITY = YES_AGGRESSIVE;
				CLANG_WARN_UNREACHABLE_CODE = YES;
				CLANG_WARN__DUPLICATE_METHOD_MATCH = YES;
				COPY_PHASE_STRIP = NO;
				DEBUG_INFORMATION_FORMAT = "dwarf-with-dsym";
				ENABLE_STRICT_OBJC_MSGSEND = YES;
				ENABLE_TESTABILITY = YES;
				ENABLE_USER_SCRIPT_SANDBOXING = NO;
				GCC_C_LANGUAGE_STANDARD = gnu11;
				GCC_DYNAMIC_NO_PIC = NO;
				GCC_NO_COMMON_BLOCKS = YES;
				GCC_OPTIMIZATION_LEVEL = 0;
				GCC_PREPROCESSOR_DEFINITIONS = (
					"DEBUG=1",
					"$(inherited)",
				);
				GCC_WARN_64_TO_32_BIT_CONVERSION = YES;
				GCC_WARN_ABOUT_RETURN_TYPE = YES_ERROR;
				GCC_WARN_UNDECLARED_SELECTOR = YES;
				GCC_WARN_UNINITIALIZED_AUTOS = YES_AGGRESSIVE;
				GCC_WARN_UNUSED_FUNCTION = YES;
				GCC_WARN_UNUSED_VARIABLE = YES;
				IPHONEOS_DEPLOYMENT_TARGET = 16.0;
				MTL_ENABLE_DEBUG_INFO = INCLUDE_SOURCE;
				MTL_FAST_MATH = YES;
				ONLY_ACTIVE_ARCH = YES;
				SDKROOT = iphoneos;
				SWIFT_ACTIVE_COMPILATION_CONDITIONS = DEBUG;
				SWIFT_OPTIMIZATION_LEVEL = "-Onone";
			};
			name = Debug;
		};
		7555FFA4242A565B00829871 /* Release */ = {
			isa = XCBuildConfiguration;
			buildSettings = {
				ALWAYS_SEARCH_USER_PATHS = NO;
				CLANG_ANALYZER_NONNULL = YES;
				CLANG_ANALYZER_NUMBER_OBJECT_CONVERSION = YES_AGGRESSIVE;
				CLANG_CXX_LANGUAGE_STANDARD = "gnu++14";
				CLANG_CXX_LIBRARY = "libc++";
				CLANG_ENABLE_MODULES = YES;
				CLANG_ENABLE_OBJC_ARC = YES;
				CLANG_ENABLE_OBJC_WEAK = YES;
				CLANG_WARN_BLOCK_CAPTURE_AUTORELEASING = YES;
				CLANG_WARN_BOOL_CONVERSION = YES;
				CLANG_WARN_COMMA = YES;
				CLANG_WARN_CONSTANT_CONVERSION = YES;
				CLANG_WARN_DEPRECATED_OBJC_IMPLEMENTATIONS = YES;
				CLANG_WARN_DIRECT_OBJC_ISA_USAGE = YES_ERROR;
				CLANG_WARN_DOCUMENTATION_COMMENTS = YES;
				CLANG_WARN_EMPTY_BODY = YES;
				CLANG_WARN_ENUM_CONVERSION = YES;
				CLANG_WARN_INFINITE_RECURSION = YES;
				CLANG_WARN_INT_CONVERSION = YES;
				CLANG_WARN_NON_LITERAL_NULL_CONVERSION = YES;
				CLANG_WARN_OBJC_IMPLICIT_RETAIN_SELF = YES;
				CLANG_WARN_OBJC_LITERAL_CONVERSION = YES;
				CLANG_WARN_OBJC_ROOT_CLASS = YES_ERROR;
				CLANG_WARN_QUOTED_INCLUDE_IN_FRAMEWORK_HEADER = YES;
				CLANG_WARN_RANGE_LOOP_ANALYSIS = YES;
				CLANG_WARN_STRICT_PROTOTYPES = YES;
				CLANG_WARN_SUSPICIOUS_MOVE = YES;
				CLANG_WARN_UNGUARDED_AVAILABILITY = YES_AGGRESSIVE;
				CLANG_WARN_UNREACHABLE_CODE = YES;
				CLANG_WARN__DUPLICATE_METHOD_MATCH = YES;
				COPY_PHASE_STRIP = NO;
				DEBUG_INFORMATION_FORMAT = "dwarf-with-dsym";
				ENABLE_NS_ASSERTIONS = NO;
				ENABLE_STRICT_OBJC_MSGSEND = YES;
				ENABLE_USER_SCRIPT_SANDBOXING = NO;
				GCC_C_LANGUAGE_STANDARD = gnu11;
				GCC_NO_COMMON_BLOCKS = YES;
				GCC_WARN_64_TO_32_BIT_CONVERSION = YES;
				GCC_WARN_ABOUT_RETURN_TYPE = YES_ERROR;
				GCC_WARN_UNDECLARED_SELECTOR = YES;
				GCC_WARN_UNINITIALIZED_AUTOS = YES_AGGRESSIVE;
				GCC_WARN_UNUSED_FUNCTION = YES;
				GCC_WARN_UNUSED_VARIABLE = YES;
				IPHONEOS_DEPLOYMENT_TARGET = 16.0;
				MTL_ENABLE_DEBUG_INFO = NO;
				MTL_FAST_MATH = YES;
				SDKROOT = iphoneos;
				SWIFT_COMPILATION_MODE = wholemodule;
				SWIFT_OPTIMIZATION_LEVEL = "-O";
				VALIDATE_PRODUCT = YES;
			};
			name = Release;
		};
		7555FFA6242A565B00829871 /* Debug */ = {
			isa = XCBuildConfiguration;
			baseConfigurationReference = A94E91A91D61B9AD7FF8F12F /* Pods-iosApp.debug.xcconfig */;
			buildSettings = {
				ASSETCATALOG_COMPILER_APPICON_NAME = AppIcon;
				CODE_SIGN_STYLE = Automatic;
				CURRENT_PROJECT_VERSION = 2;
				DEVELOPMENT_ASSET_PATHS = "\"iosApp/Preview Content\"";
				DEVELOPMENT_TEAM = 2Y83RX392R;
				ENABLE_PREVIEWS = YES;
				INFOPLIST_FILE = iosApp/Info.plist;
				LD_RUNPATH_SEARCH_PATHS = (
					"$(inherited)",
					"@executable_path/Frameworks",
				);
				MARKETING_VERSION = "0.2-DEBUG";
				PRODUCT_BUNDLE_IDENTIFIER = com.velkonost.getbetter;
				PRODUCT_NAME = "$(TARGET_NAME)";
				SWIFT_VERSION = 5.0;
				TARGETED_DEVICE_FAMILY = "1,2";
			};
			name = Debug;
		};
		7555FFA7242A565B00829871 /* Release */ = {
			isa = XCBuildConfiguration;
			baseConfigurationReference = E6048413415DDDC574965275 /* Pods-iosApp.release.xcconfig */;
			buildSettings = {
				ASSETCATALOG_COMPILER_APPICON_NAME = AppIcon;
				CODE_SIGN_STYLE = Automatic;
				CURRENT_PROJECT_VERSION = 2;
				DEVELOPMENT_ASSET_PATHS = "\"iosApp/Preview Content\"";
				DEVELOPMENT_TEAM = 2Y83RX392R;
				ENABLE_PREVIEWS = YES;
				INFOPLIST_FILE = iosApp/Info.plist;
				LD_RUNPATH_SEARCH_PATHS = (
					"$(inherited)",
					"@executable_path/Frameworks",
				);
				MARKETING_VERSION = 0.2;
				PRODUCT_BUNDLE_IDENTIFIER = com.velkonost.getbetter;
				PRODUCT_NAME = "$(TARGET_NAME)";
				SWIFT_VERSION = 5.0;
				TARGETED_DEVICE_FAMILY = "1,2";
			};
			name = Release;
		};
/* End XCBuildConfiguration section */

/* Begin XCConfigurationList section */
		7555FF76242A565900829871 /* Build configuration list for PBXProject "iosApp" */ = {
			isa = XCConfigurationList;
			buildConfigurations = (
				7555FFA3242A565B00829871 /* Debug */,
				7555FFA4242A565B00829871 /* Release */,
			);
			defaultConfigurationIsVisible = 0;
			defaultConfigurationName = Release;
		};
		7555FFA5242A565B00829871 /* Build configuration list for PBXNativeTarget "iosApp" */ = {
			isa = XCConfigurationList;
			buildConfigurations = (
				7555FFA6242A565B00829871 /* Debug */,
				7555FFA7242A565B00829871 /* Release */,
			);
			defaultConfigurationIsVisible = 0;
			defaultConfigurationName = Release;
		};
/* End XCConfigurationList section */

/* Begin XCRemoteSwiftPackageReference section */
		46B17E0A2AADCD94008C2BC4 /* XCRemoteSwiftPackageReference "firebase-ios-sdk" */ = {
			isa = XCRemoteSwiftPackageReference;
			repositoryURL = "https://github.com/firebase/firebase-ios-sdk";
			requirement = {
				kind = exactVersion;
				version = 10.7.0;
			};
		};
/* End XCRemoteSwiftPackageReference section */
	};
	rootObject = 7555FF73242A565900829871 /* Project object */;
}
