PODS:
  - Firebase/Core (10.14.0):
    - Firebase/CoreOnly
    - FirebaseAnalytics (~> 10.14.0)
  - Firebase/CoreOnly (10.14.0):
    - FirebaseCore (= 10.14.0)
  - FirebaseAnalytics (10.14.0):
    - FirebaseAnalytics/AdIdSupport (= 10.14.0)
    - FirebaseCore (~> 10.0)
    - FirebaseInstallations (~> 10.0)
    - GoogleUtilities/AppDelegateSwizzler (~> 7.11)
    - GoogleUtilities/MethodSwizzler (~> 7.11)
    - GoogleUtilities/Network (~> 7.11)
    - "GoogleUtilities/NSData+zlib (~> 7.11)"
    - nanopb (< 2.30910.0, >= 2.30908.0)
  - FirebaseAnalytics/AdIdSupport (10.14.0):
    - FirebaseCore (~> 10.0)
    - FirebaseInstallations (~> 10.0)
    - GoogleAppMeasurement (= 10.14.0)
    - GoogleUtilities/AppDelegateSwizzler (~> 7.11)
    - GoogleUtilities/MethodSwizzler (~> 7.11)
    - GoogleUtilities/Network (~> 7.11)
    - "GoogleUtilities/NSData+zlib (~> 7.11)"
    - nanopb (< 2.30910.0, >= 2.30908.0)
  - FirebaseCore (10.14.0):
    - FirebaseCoreInternal (~> 10.0)
    - GoogleUtilities/Environment (~> 7.8)
    - GoogleUtilities/Logger (~> 7.8)
  - FirebaseCoreExtension (10.15.0):
    - FirebaseCore (~> 10.0)
  - FirebaseCoreInternal (10.14.0):
    - "GoogleUtilities/NSData+zlib (~> 7.8)"
  - FirebaseCrashlytics (10.15.0):
    - FirebaseCore (~> 10.5)
    - FirebaseInstallations (~> 10.0)
    - FirebaseSessions (~> 10.5)
    - GoogleDataTransport (~> 9.2)
    - GoogleUtilities/Environment (~> 7.8)
    - nanopb (< 2.30910.0, >= 2.30908.0)
    - PromisesObjC (~> 2.1)
  - FirebaseInstallations (10.14.0):
    - FirebaseCore (~> 10.0)
    - GoogleUtilities/Environment (~> 7.8)
    - GoogleUtilities/UserDefaults (~> 7.8)
    - PromisesObjC (~> 2.1)
  - FirebaseMessaging (10.18.0):
    - FirebaseCore (~> 10.0)
    - FirebaseInstallations (~> 10.0)
    - GoogleDataTransport (~> 9.2)
    - GoogleUtilities/AppDelegateSwizzler (~> 7.8)
    - GoogleUtilities/Environment (~> 7.8)
    - GoogleUtilities/Reachability (~> 7.8)
    - GoogleUtilities/UserDefaults (~> 7.8)
    - nanopb (< 2.30910.0, >= 2.30908.0)
  - FirebaseSessions (10.15.0):
    - FirebaseCore (~> 10.5)
    - FirebaseCoreExtension (~> 10.0)
    - FirebaseInstallations (~> 10.0)
    - GoogleDataTransport (~> 9.2)
    - GoogleUtilities/Environment (~> 7.10)
    - nanopb (< 2.30910.0, >= 2.30908.0)
    - PromisesSwift (~> 2.1)
  - GoogleAppMeasurement (10.14.0):
    - GoogleAppMeasurement/AdIdSupport (= 10.14.0)
    - GoogleUtilities/AppDelegateSwizzler (~> 7.11)
    - GoogleUtilities/MethodSwizzler (~> 7.11)
    - GoogleUtilities/Network (~> 7.11)
    - "GoogleUtilities/NSData+zlib (~> 7.11)"
    - nanopb (< 2.30910.0, >= 2.30908.0)
  - GoogleAppMeasurement/AdIdSupport (10.14.0):
    - GoogleAppMeasurement/WithoutAdIdSupport (= 10.14.0)
    - GoogleUtilities/AppDelegateSwizzler (~> 7.11)
    - GoogleUtilities/MethodSwizzler (~> 7.11)
    - GoogleUtilities/Network (~> 7.11)
    - "GoogleUtilities/NSData+zlib (~> 7.11)"
    - nanopb (< 2.30910.0, >= 2.30908.0)
  - GoogleAppMeasurement/WithoutAdIdSupport (10.14.0):
    - GoogleUtilities/AppDelegateSwizzler (~> 7.11)
    - GoogleUtilities/MethodSwizzler (~> 7.11)
    - GoogleUtilities/Network (~> 7.11)
    - "GoogleUtilities/NSData+zlib (~> 7.11)"
    - nanopb (< 2.30910.0, >= 2.30908.0)
  - GoogleDataTransport (9.2.5):
    - GoogleUtilities/Environment (~> 7.7)
    - nanopb (< 2.30910.0, >= 2.30908.0)
    - PromisesObjC (< 3.0, >= 1.2)
  - GoogleUtilities/AppDelegateSwizzler (7.11.5):
    - GoogleUtilities/Environment
    - GoogleUtilities/Logger
    - GoogleUtilities/Network
  - GoogleUtilities/Environment (7.11.5):
    - PromisesObjC (< 3.0, >= 1.2)
  - GoogleUtilities/Logger (7.11.5):
    - GoogleUtilities/Environment
  - GoogleUtilities/MethodSwizzler (7.11.5):
    - GoogleUtilities/Logger
  - GoogleUtilities/Network (7.11.5):
    - GoogleUtilities/Logger
    - "GoogleUtilities/NSData+zlib"
    - GoogleUtilities/Reachability
  - "GoogleUtilities/NSData+zlib (7.11.5)"
  - GoogleUtilities/Reachability (7.11.5):
    - GoogleUtilities/Logger
  - GoogleUtilities/UserDefaults (7.11.5):
    - GoogleUtilities/Logger
  - KMMViewModelCore (1.0.0-ALPHA-14):
    - KMMViewModelCoreObjC (= 1.0.0-ALPHA-14)
  - KMMViewModelCoreObjC (1.0.0-ALPHA-14)
  - KMMViewModelSwiftUI (1.0.0-ALPHA-14):
    - KMMViewModelCore (= 1.0.0-ALPHA-14)
  - KMPNativeCoroutinesAsync (1.0.0-ALPHA-18):
    - KMPNativeCoroutinesCore (= 1.0.0-ALPHA-18)
  - KMPNativeCoroutinesCore (1.0.0-ALPHA-18)
  - lottie-ios (4.3.2)
  - nanopb (2.30909.0):
    - nanopb/decode (= 2.30909.0)
    - nanopb/encode (= 2.30909.0)
  - nanopb/decode (2.30909.0)
  - nanopb/encode (2.30909.0)
  - PromisesObjC (2.3.1)
  - PromisesSwift (2.3.1):
    - PromisesObjC (= 2.3.1)
  - umbrella (1.0)

DEPENDENCIES:
  - Firebase/Core
  - FirebaseCrashlytics
  - FirebaseMessaging
  - KMMViewModelSwiftUI (= 1.0.0-ALPHA-14)
  - KMPNativeCoroutinesAsync (= 1.0.0-ALPHA-18)
  - lottie-ios
  - umbrella (from `../shared/umbrella`)

SPEC REPOS:
  trunk:
    - Firebase
    - FirebaseAnalytics
    - FirebaseCore
    - FirebaseCoreExtension
    - FirebaseCoreInternal
    - FirebaseCrashlytics
    - FirebaseInstallations
    - FirebaseMessaging
    - FirebaseSessions
    - GoogleAppMeasurement
    - GoogleDataTransport
    - GoogleUtilities
    - KMMViewModelCore
    - KMMViewModelCoreObjC
    - KMMViewModelSwiftUI
    - KMPNativeCoroutinesAsync
    - KMPNativeCoroutinesCore
    - lottie-ios
    - nanopb
    - PromisesObjC
    - PromisesSwift

EXTERNAL SOURCES:
  umbrella:
    :path: "../shared/umbrella"

SPEC CHECKSUMS:
  Firebase: 6c1bf3f534bc422d52af2e41fe0d50bf08b6b773
  FirebaseAnalytics: 5c6d58814afa4db82cf7fdbc02b0b0e2fa3d43ff
  FirebaseCore: 6fc17ac9f03509d51c131298aacb3ee5698b4f02
  FirebaseCoreExtension: d3f1ea3725fb41f56e8fbfb29eeaff54e7ffb8f6
  FirebaseCoreInternal: d558159ee6cc4b823c2296ecc193de9f6d9a5bb3
  FirebaseCrashlytics: a83f26fb922a3fe181eb738fb4dcf0c92bba6455
  FirebaseInstallations: f672b1eda64e6381c21d424a2f680a943fd83f3b
  FirebaseMessaging: 9bc34a98d2e0237e1b121915120d4d48ddcf301e
  FirebaseSessions: ee59a7811bef4c15f65ef6472f3210faa293f9c8
  GoogleAppMeasurement: 7fee012a868315d418f365fbc8d394d8e020e749
  GoogleDataTransport: 54dee9d48d14580407f8f5fbf2f496e92437a2f2
  GoogleUtilities: 13e2c67ede716b8741c7989e26893d151b2b2084
  KMMViewModelCore: 5f31d97e9314ae9f3431634e5209c43190da6731
  KMMViewModelCoreObjC: 566d521bf364514c318a0d9e5f9fa59200756ab8
  KMMViewModelSwiftUI: e2330e56d22a2cebae900d8e913a078b0407f16c
  KMPNativeCoroutinesAsync: 91d86216afbd78a569c2e6d01c1edf914d344812
  KMPNativeCoroutinesCore: fa73bbfb4f56ef9ff45666646374c43d717110f3
  lottie-ios: 48af491639ba6e8bb7cfaf7649b8a339487da935
  nanopb: b552cce312b6c8484180ef47159bc0f65a1f0431
  PromisesObjC: c50d2056b5253dadbd6c2bea79b0674bd5a52fa4
  PromisesSwift: 28dca69a9c40779916ac2d6985a0192a5cb4a265
  umbrella: e75f2a7eabf35a2fbad73ae6869d1803e4be4d41

PODFILE CHECKSUM: dbb385ea62dcdd68e4ece5f4a06de2dfd54bea48

COCOAPODS: 1.12.1
